
Microsoft Visual Studio Solution File, Format Version 11.00
# Visual Studio 2010
Project("{FAE04EC0-301F-11D3-BF4B-00C04F79EFBC}") = "Grafikstudien", "Grafikstudien\Grafikstudien.csproj", "{CD97CE0B-F7E6-4B8E-94B0-162DC9A8AEC3}"
EndProject
Global
	GlobalSection(SolutionConfigurationPlatforms) = preSolution
		Debug|x86 = Debug|x86
		Release|x86 = Release|x86
	EndGlobalSection
	GlobalSection(ProjectConfigurationPlatforms) = postSolution
		{CD97CE0B-F7E6-4B8E-94B0-162DC9A8AEC3}.Debug|x86.ActiveCfg = Debug|x86
		{CD97CE0B-F7E6-4B8E-94B0-162DC9A8AEC3}.Debug|x86.Build.0 = Debug|x86
		{CD97CE0B-F7E6-4B8E-94B0-162DC9A8AEC3}.Release|x86.ActiveCfg = Release|x86
		{CD97CE0B-F7E6-4B8E-94B0-162DC9A8AEC3}.Release|x86.Build.0 = Release|x86
	EndGlobalSection
	GlobalSection(SolutionProperties) = preSolution
		HideSolutionNode = FALSE
	EndGlobalSection
EndGlobal
